
Microsoft Visual Studio Solution File, Format Version 12.00
# Visual Studio Version 16
VisualStudioVersion = 16.0.29306.81
MinimumVisualStudioVersion = 10.0.40219.1
Project("{FAE04EC0-301F-11D3-BF4B-00C04F79EFBC}") = "WebApiTokenAuthorization", "WebApiTokenAuthorization\WebApiTokenAuthorization.csproj", "{CD4EC264-F443-48D7-95C5-96CC6801C825}"
EndProject
Global
	GlobalSection(SolutionConfigurationPlatforms) = preSolution
		Debug|Any CPU = Debug|Any CPU
		Release|Any CPU = Release|Any CPU
	EndGlobalSection
	GlobalSection(ProjectConfigurationPlatforms) = postSolution
		{CD4EC264-F443-48D7-95C5-96CC6801C825}.Debug|Any CPU.ActiveCfg = Debug|Any CPU
		{CD4EC264-F443-48D7-95C5-96CC6801C825}.Debug|Any CPU.Build.0 = Debug|Any CPU
		{CD4EC264-F443-48D7-95C5-96CC6801C825}.Release|Any CPU.ActiveCfg = Release|Any CPU
		{CD4EC264-F443-48D7-95C5-96CC6801C825}.Release|Any CPU.Build.0 = Release|Any CPU
	EndGlobalSection
	GlobalSection(SolutionProperties) = preSolution
		HideSolutionNode = FALSE
	EndGlobalSection
	GlobalSection(ExtensibilityGlobals) = postSolution
		SolutionGuid = {BFFC6CFB-3A0A-48DF-999F-A30FEC058F95}
	EndGlobalSection
EndGlobal
